
Microsoft Visual Studio Solution File, Format Version 12.00
# Visual Studio 15
VisualStudioVersion = 15.0.27004.2006
MinimumVisualStudioVersion = 10.0.40219.1
Project("{8BC9CEB8-8B4A-11D0-8D11-00A0C91BC942}") = "04_Variablen", "04_Variablen.vcxproj", "{011EE8F0-28DF-46C5-BF3A-DE8A3909251E}"
EndProject
Global
	GlobalSection(SolutionConfigurationPlatforms) = preSolution
		Debug|x64 = Debug|x64
		Debug|x86 = Debug|x86
		Release|x64 = Release|x64
		Release|x86 = Release|x86
	EndGlobalSection
	GlobalSection(ProjectConfigurationPlatforms) = postSolution
		{011EE8F0-28DF-46C5-BF3A-DE8A3909251E}.Debug|x64.ActiveCfg = Debug|x64
		{011EE8F0-28DF-46C5-BF3A-DE8A3909251E}.Debug|x64.Build.0 = Debug|x64
		{011EE8F0-28DF-46C5-BF3A-DE8A3909251E}.Debug|x86.ActiveCfg = Debug|Win32
		{011EE8F0-28DF-46C5-BF3A-DE8A3909251E}.Debug|x86.Build.0 = Debug|Win32
		{011EE8F0-28DF-46C5-BF3A-DE8A3909251E}.Release|x64.ActiveCfg = Release|x64
		{011EE8F0-28DF-46C5-BF3A-DE8A3909251E}.Release|x64.Build.0 = Release|x64
		{011EE8F0-28DF-46C5-BF3A-DE8A3909251E}.Release|x86.ActiveCfg = Release|Win32
		{011EE8F0-28DF-46C5-BF3A-DE8A3909251E}.Release|x86.Build.0 = Release|Win32
	EndGlobalSection
	GlobalSection(SolutionProperties) = preSolution
		HideSolutionNode = FALSE
	EndGlobalSection
	GlobalSection(ExtensibilityGlobals) = postSolution
		SolutionGuid = {6442CA5D-711B-436D-8E59-44333F9352B5}
	EndGlobalSection
EndGlobal
