
Microsoft Visual Studio Solution File, Format Version 12.00
# Visual Studio 15
VisualStudioVersion = 15.0.27004.2006
MinimumVisualStudioVersion = 10.0.40219.1
Project("{8BC9CEB8-8B4A-11D0-8D11-00A0C91BC942}") = "05_Debugging", "05_Debugging.vcxproj", "{79CD4631-A81E-4AFD-B8B7-984F26922B66}"
EndProject
Global
	GlobalSection(SolutionConfigurationPlatforms) = preSolution
		Debug|x64 = Debug|x64
		Debug|x86 = Debug|x86
		Release|x64 = Release|x64
		Release|x86 = Release|x86
	EndGlobalSection
	GlobalSection(ProjectConfigurationPlatforms) = postSolution
		{79CD4631-A81E-4AFD-B8B7-984F26922B66}.Debug|x64.ActiveCfg = Debug|x64
		{79CD4631-A81E-4AFD-B8B7-984F26922B66}.Debug|x64.Build.0 = Debug|x64
		{79CD4631-A81E-4AFD-B8B7-984F26922B66}.Debug|x86.ActiveCfg = Debug|Win32
		{79CD4631-A81E-4AFD-B8B7-984F26922B66}.Debug|x86.Build.0 = Debug|Win32
		{79CD4631-A81E-4AFD-B8B7-984F26922B66}.Release|x64.ActiveCfg = Release|x64
		{79CD4631-A81E-4AFD-B8B7-984F26922B66}.Release|x64.Build.0 = Release|x64
		{79CD4631-A81E-4AFD-B8B7-984F26922B66}.Release|x86.ActiveCfg = Release|Win32
		{79CD4631-A81E-4AFD-B8B7-984F26922B66}.Release|x86.Build.0 = Release|Win32
	EndGlobalSection
	GlobalSection(SolutionProperties) = preSolution
		HideSolutionNode = FALSE
	EndGlobalSection
	GlobalSection(ExtensibilityGlobals) = postSolution
		SolutionGuid = {C44F00C4-764B-4AF4-9063-7140EAB0EB6D}
	EndGlobalSection
EndGlobal
